
Microsoft Visual Studio Solution File, Format Version 12.00
# Visual Studio Version 16
VisualStudioVersion = 16.0.29806.167
MinimumVisualStudioVersion = 10.0.40219.1
Project("{FAE04EC0-301F-11D3-BF4B-00C04F79EFBC}") = "AccountOwnerSever", "AccountOwnerSever.csproj", "{4DE1580A-2E15-413F-A7F4-4B418AFABE60}"
EndProject
Project("{FAE04EC0-301F-11D3-BF4B-00C04F79EFBC}") = "Entities", "..\Entities\Entities.csproj", "{979BFE5E-0FA6-41BD-BF34-5578A10FEFD7}"
EndProject
Project("{FAE04EC0-301F-11D3-BF4B-00C04F79EFBC}") = "Contracts", "..\Contracts\Contracts.csproj", "{848F2108-3ED3-4292-8AA5-F178D4304E84}"
EndProject
Project("{FAE04EC0-301F-11D3-BF4B-00C04F79EFBC}") = "LoggerService", "..\LoggerService\LoggerService.csproj", "{16C757B5-65E2-440F-B6EC-EC8545B5F96D}"
EndProject
Project("{FAE04EC0-301F-11D3-BF4B-00C04F79EFBC}") = "Repository", "..\Repository\Repository.csproj", "{D47B4ABA-12A8-403C-8665-821EBC62DB84}"
EndProject
Global
	GlobalSection(SolutionConfigurationPlatforms) = preSolution
		Debug|Any CPU = Debug|Any CPU
		Release|Any CPU = Release|Any CPU
	EndGlobalSection
	GlobalSection(ProjectConfigurationPlatforms) = postSolution
		{4DE1580A-2E15-413F-A7F4-4B418AFABE60}.Debug|Any CPU.ActiveCfg = Debug|Any CPU
		{4DE1580A-2E15-413F-A7F4-4B418AFABE60}.Debug|Any CPU.Build.0 = Debug|Any CPU
		{4DE1580A-2E15-413F-A7F4-4B418AFABE60}.Release|Any CPU.ActiveCfg = Release|Any CPU
		{4DE1580A-2E15-413F-A7F4-4B418AFABE60}.Release|Any CPU.Build.0 = Release|Any CPU
		{979BFE5E-0FA6-41BD-BF34-5578A10FEFD7}.Debug|Any CPU.ActiveCfg = Debug|Any CPU
		{979BFE5E-0FA6-41BD-BF34-5578A10FEFD7}.Debug|Any CPU.Build.0 = Debug|Any CPU
		{979BFE5E-0FA6-41BD-BF34-5578A10FEFD7}.Release|Any CPU.ActiveCfg = Release|Any CPU
		{979BFE5E-0FA6-41BD-BF34-5578A10FEFD7}.Release|Any CPU.Build.0 = Release|Any CPU
		{848F2108-3ED3-4292-8AA5-F178D4304E84}.Debug|Any CPU.ActiveCfg = Debug|Any CPU
		{848F2108-3ED3-4292-8AA5-F178D4304E84}.Debug|Any CPU.Build.0 = Debug|Any CPU
		{848F2108-3ED3-4292-8AA5-F178D4304E84}.Release|Any CPU.ActiveCfg = Release|Any CPU
		{848F2108-3ED3-4292-8AA5-F178D4304E84}.Release|Any CPU.Build.0 = Release|Any CPU
		{16C757B5-65E2-440F-B6EC-EC8545B5F96D}.Debug|Any CPU.ActiveCfg = Debug|Any CPU
		{16C757B5-65E2-440F-B6EC-EC8545B5F96D}.Debug|Any CPU.Build.0 = Debug|Any CPU
		{16C757B5-65E2-440F-B6EC-EC8545B5F96D}.Release|Any CPU.ActiveCfg = Release|Any CPU
		{16C757B5-65E2-440F-B6EC-EC8545B5F96D}.Release|Any CPU.Build.0 = Release|Any CPU
		{D47B4ABA-12A8-403C-8665-821EBC62DB84}.Debug|Any CPU.ActiveCfg = Debug|Any CPU
		{D47B4ABA-12A8-403C-8665-821EBC62DB84}.Debug|Any CPU.Build.0 = Debug|Any CPU
		{D47B4ABA-12A8-403C-8665-821EBC62DB84}.Release|Any CPU.ActiveCfg = Release|Any CPU
		{D47B4ABA-12A8-403C-8665-821EBC62DB84}.Release|Any CPU.Build.0 = Release|Any CPU
	EndGlobalSection
	GlobalSection(SolutionProperties) = preSolution
		HideSolutionNode = FALSE
	EndGlobalSection
	GlobalSection(ExtensibilityGlobals) = postSolution
		SolutionGuid = {E082A99C-0DD9-47E9-BA4B-1C3674B6399B}
	EndGlobalSection
EndGlobal
